Microsoft Visual Studio Solution File, Format Version 11.00
# Visual Studio 2008

Project("{21BF4184-2D35-5852-C5AB-9D31DD77A38F}") = "PathfindingExample", "Assembly-CSharp.csproj", "{805FEE2C-DB00-C8B5-D761-4708CDB2A7C6}"
EndProject
Global
	GlobalSection(SolutionConfigurationPlatforms) = preSolution
		Debug|Any CPU = Debug|Any CPU
		Release|Any CPU = Release|Any CPU
	EndGlobalSection
	GlobalSection(ProjectConfigurationPlatforms) = postSolution
		{805FEE2C-DB00-C8B5-D761-4708CDB2A7C6}.Debug|Any CPU.ActiveCfg = Debug|Any CPU
		{805FEE2C-DB00-C8B5-D761-4708CDB2A7C6}.Debug|Any CPU.Build.0 = Debug|Any CPU
		{805FEE2C-DB00-C8B5-D761-4708CDB2A7C6}.Release|Any CPU.ActiveCfg = Release|Any CPU
		{805FEE2C-DB00-C8B5-D761-4708CDB2A7C6}.Release|Any CPU.Build.0 = Release|Any CPU
	EndGlobalSection
	GlobalSection(SolutionProperties) = preSolution
		HideSolutionNode = FALSE
	EndGlobalSection
	GlobalSection(MonoDevelopProperties) = preSolution
		StartupItem = Assembly-CSharp.csproj
	EndGlobalSection
EndGlobal
